// !$*UTF8*$!
{
	archiveVersion = 1;
	classes = {
	};
	objectVersion = 46;
	objects = {

/* Begin PBXBuildFile section */
		612B82021CECB9D3006F0929 /* Protocols.swift in Sources */ = {isa = PBXBuildFile; fileRef = 612B82011CECB9D3006F0929 /* Protocols.swift */; };
		613A97601CEB5CB000885E32 /* AppDelegate.swift in Sources */ = {isa = PBXBuildFile; fileRef = 613A975F1CEB5CB000885E32 /* AppDelegate.swift */; };
		613A97651CEB5CB000885E32 /* Main.storyboard in Resources */ = {isa = PBXBuildFile; fileRef = 613A97631CEB5CB000885E32 /* Main.storyboard */; };
		613A97671CEB5CB000885E32 /* Assets.xcassets in Resources */ = {isa = PBXBuildFile; fileRef = 613A97661CEB5CB000885E32 /* Assets.xcassets */; };
		613A976A1CEB5CB000885E32 /* LaunchScreen.storyboard in Resources */ = {isa = PBXBuildFile; fileRef = 613A97681CEB5CB000885E32 /* LaunchScreen.storyboard */; };
		613A97721CEB619500885E32 /* DiscoveryTableViewController.swift in Sources */ = {isa = PBXBuildFile; fileRef = 613A97711CEB619500885E32 /* DiscoveryTableViewController.swift */; };
		613A97741CEB644B00885E32 /* DiscoveryTableViewCell.swift in Sources */ = {isa = PBXBuildFile; fileRef = 613A97731CEB644B00885E32 /* DiscoveryTableViewCell.swift */; };
		613A97761CEB665D00885E32 /* Event.swift in Sources */ = {isa = PBXBuildFile; fileRef = 613A97751CEB665D00885E32 /* Event.swift */; };
		617C47E31CECD3B5002CC562 /* DiscoveryNetworkManager.swift in Sources */ = {isa = PBXBuildFile; fileRef = 617C47E21CECD3B5002CC562 /* DiscoveryNetworkManager.swift */; };
		61E41B9D1CEF7F6A0058490F /* MKAnnotationView+WebCache.m in Sources */ = {isa = PBXBuildFile; fileRef = 61E41B7D1CEF7F6A0058490F /* MKAnnotationView+WebCache.m */; };
		61E41B9E1CEF7F6A0058490F /* NSData+ImageContentType.m in Sources */ = {isa = PBXBuildFile; fileRef = 61E41B7F1CEF7F6A0058490F /* NSData+ImageContentType.m */; };
		61E41B9F1CEF7F6A0058490F /* SDImageCache.m in Sources */ = {isa = PBXBuildFile; fileRef = 61E41B811CEF7F6A0058490F /* SDImageCache.m */; };
		61E41BA01CEF7F6A0058490F /* SDWebImageCompat.m in Sources */ = {isa = PBXBuildFile; fileRef = 61E41B831CEF7F6A0058490F /* SDWebImageCompat.m */; };
		61E41BA11CEF7F6A0058490F /* SDWebImageDecoder.m in Sources */ = {isa = PBXBuildFile; fileRef = 61E41B851CEF7F6A0058490F /* SDWebImageDecoder.m */; };
		61E41BA21CEF7F6A0058490F /* SDWebImageDownloader.m in Sources */ = {isa = PBXBuildFile; fileRef = 61E41B871CEF7F6A0058490F /* SDWebImageDownloader.m */; };
		61E41BA31CEF7F6A0058490F /* SDWebImageDownloaderOperation.m in Sources */ = {isa = PBXBuildFile; fileRef = 61E41B891CEF7F6A0058490F /* SDWebImageDownloaderOperation.m */; };
		61E41BA41CEF7F6A0058490F /* SDWebImageManager.m in Sources */ = {isa = PBXBuildFile; fileRef = 61E41B8B1CEF7F6A0058490F /* SDWebImageManager.m */; };
		61E41BA51CEF7F6A0058490F /* SDWebImagePrefetcher.m in Sources */ = {isa = PBXBuildFile; fileRef = 61E41B8E1CEF7F6A0058490F /* SDWebImagePrefetcher.m */; };
		61E41BA61CEF7F6A0058490F /* UIButton+WebCache.m in Sources */ = {isa = PBXBuildFile; fileRef = 61E41B901CEF7F6A0058490F /* UIButton+WebCache.m */; };
		61E41BA71CEF7F6A0058490F /* UIImage+GIF.m in Sources */ = {isa = PBXBuildFile; fileRef = 61E41B921CEF7F6A0058490F /* UIImage+GIF.m */; };
		61E41BA81CEF7F6A0058490F /* UIImage+MultiFormat.m in Sources */ = {isa = PBXBuildFile; fileRef = 61E41B941CEF7F6A0058490F /* UIImage+MultiFormat.m */; };
		61E41BA91CEF7F6A0058490F /* UIImage+WebP.m in Sources */ = {isa = PBXBuildFile; fileRef = 61E41B961CEF7F6A0058490F /* UIImage+WebP.m */; };
		61E41BAA1CEF7F6A0058490F /* UIImageView+HighlightedWebCache.m in Sources */ = {isa = PBXBuildFile; fileRef = 61E41B981CEF7F6A0058490F /* UIImageView+HighlightedWebCache.m */; };
		61E41BAB1CEF7F6A0058490F /* UIImageView+WebCache.m in Sources */ = {isa = PBXBuildFile; fileRef = 61E41B9A1CEF7F6A0058490F /* UIImageView+WebCache.m */; };
		61E41BAC1CEF7F6A0058490F /* UIView+WebCacheOperation.m in Sources */ = {isa = PBXBuildFile; fileRef = 61E41B9C1CEF7F6A0058490F /* UIView+WebCacheOperation.m */; };
/* End PBXBuildFile section */

/* Begin PBXFileReference section */
		612B82011CECB9D3006F0929 /* Protocols.swift */ = {isa = PBXFileReference; fileEncoding = 4; lastKnownFileType = sourcecode.swift; path = Protocols.swift; sourceTree = "<group>"; };
		613A975C1CEB5CB000885E32 /* DiscoveryTest.app */ = {isa = PBXFileReference; explicitFileType = wrapper.application; includeInIndex = 0; path = DiscoveryTest.app; sourceTree = BUILT_PRODUCTS_DIR; };
		613A975F1CEB5CB000885E32 /* AppDelegate.swift */ = {isa = PBXFileReference; lastKnownFileType = sourcecode.swift; path = AppDelegate.swift; sourceTree = "<group>"; };
		613A97641CEB5CB000885E32 /* Base */ = {isa = PBXFileReference; lastKnownFileType = file.storyboard; name = Base; path = Base.lproj/Main.storyboard; sourceTree = "<group>"; };
		613A97661CEB5CB000885E32 /* Assets.xcassets */ = {isa = PBXFileReference; lastKnownFileType = folder.assetcatalog; path = Assets.xcassets; sourceTree = "<group>"; };
		613A97691CEB5CB000885E32 /* Base */ = {isa = PBXFileReference; lastKnownFileType = file.storyboard; name = Base; path = Base.lproj/LaunchScreen.storyboard; sourceTree = "<group>"; };
		613A976B1CEB5CB000885E32 /* Info.plist */ = {isa = PBXFileReference; lastKnownFileType = text.plist.xml; path = Info.plist; sourceTree = "<group>"; };
		613A97711CEB619500885E32 /* DiscoveryTableViewController.swift */ = {isa = PBXFileReference; fileEncoding = 4; lastKnownFileType = sourcecode.swift; path = DiscoveryTableViewController.swift; sourceTree = "<group>"; };
		613A97731CEB644B00885E32 /* DiscoveryTableViewCell.swift */ = {isa = PBXFileReference; fileEncoding = 4; lastKnownFileType = sourcecode.swift; path = DiscoveryTableViewCell.swift; sourceTree = "<group>"; };
		613A97751CEB665D00885E32 /* Event.swift */ = {isa = PBXFileReference; fileEncoding = 4; lastKnownFileType = sourcecode.swift; path = Event.swift; sourceTree = "<group>"; };
		6174A19A1CEE5AC9007B7389 /* DiscoveryTest-Bridging-Header.h */ = {isa = PBXFileReference; lastKnownFileType = sourcecode.c.h; path = "DiscoveryTest-Bridging-Header.h"; sourceTree = "<group>"; };
		617C47E21CECD3B5002CC562 /* DiscoveryNetworkManager.swift */ = {isa = PBXFileReference; fileEncoding = 4; lastKnownFileType = sourcecode.swift; path = DiscoveryNetworkManager.swift; sourceTree = "<group>"; };
		61E41B7C1CEF7F6A0058490F /* MKAnnotationView+WebCache.h */ = {isa = PBXFileReference; fileEncoding = 4; lastKnownFileType = sourcecode.c.h; path = "MKAnnotationView+WebCache.h"; sourceTree = "<group>"; };
		61E41B7D1CEF7F6A0058490F /* MKAnnotationView+WebCache.m */ = {isa = PBXFileReference; fileEncoding = 4; lastKnownFileType = sourcecode.c.objc; path = "MKAnnotationView+WebCache.m"; sourceTree = "<group>"; };
		61E41B7E1CEF7F6A0058490F /* NSData+ImageContentType.h */ = {isa = PBXFileReference; fileEncoding = 4; lastKnownFileType = sourcecode.c.h; path = "NSData+ImageContentType.h"; sourceTree = "<group>"; };
		61E41B7F1CEF7F6A0058490F /* NSData+ImageContentType.m */ = {isa = PBXFileReference; fileEncoding = 4; lastKnownFileType = sourcecode.c.objc; path = "NSData+ImageContentType.m"; sourceTree = "<group>"; };
		61E41B801CEF7F6A0058490F /* SDImageCache.h */ = {isa = PBXFileReference; fileEncoding = 4; lastKnownFileType = sourcecode.c.h; path = SDImageCache.h; sourceTree = "<group>"; };
		61E41B811CEF7F6A0058490F /* SDImageCache.m */ = {isa = PBXFileReference; fileEncoding = 4; lastKnownFileType = sourcecode.c.objc; path = SDImageCache.m; sourceTree = "<group>"; };
		61E41B821CEF7F6A0058490F /* SDWebImageCompat.h */ = {isa = PBXFileReference; fileEncoding = 4; lastKnownFileType = sourcecode.c.h; path = SDWebImageCompat.h; sourceTree = "<group>"; };
		61E41B831CEF7F6A0058490F /* SDWebImageCompat.m */ = {isa = PBXFileReference; fileEncoding = 4; lastKnownFileType = sourcecode.c.objc; path = SDWebImageCompat.m; sourceTree = "<group>"; };
		61E41B841CEF7F6A0058490F /* SDWebImageDecoder.h */ = {isa = PBXFileReference; fileEncoding = 4; lastKnownFileType = sourcecode.c.h; path = SDWebImageDecoder.h; sourceTree = "<group>"; };
		61E41B851CEF7F6A0058490F /* SDWebImageDecoder.m */ = {isa = PBXFileReference; fileEncoding = 4; lastKnownFileType = sourcecode.c.objc; path = SDWebImageDecoder.m; sourceTree = "<group>"; };
		61E41B861CEF7F6A0058490F /* SDWebImageDownloader.h */ = {isa = PBXFileReference; fileEncoding = 4; lastKnownFileType = sourcecode.c.h; path = SDWebImageDownloader.h; sourceTree = "<group>"; };
		61E41B871CEF7F6A0058490F /* SDWebImageDownloader.m */ = {isa = PBXFileReference; fileEncoding = 4; lastKnownFileType = sourcecode.c.objc; path = SDWebImageDownloader.m; sourceTree = "<group>"; };
		61E41B881CEF7F6A0058490F /* SDWebImageDownloaderOperation.h */ = {isa = PBXFileReference; fileEncoding = 4; lastKnownFileType = sourcecode.c.h; path = SDWebImageDownloaderOperation.h; sourceTree = "<group>"; };
		61E41B891CEF7F6A0058490F /* SDWebImageDownloaderOperation.m */ = {isa = PBXFileReference; fileEncoding = 4; lastKnownFileType = sourcecode.c.objc; path = SDWebImageDownloaderOperation.m; sourceTree = "<group>"; };
		61E41B8A1CEF7F6A0058490F /* SDWebImageManager.h */ = {isa = PBXFileReference; fileEncoding = 4; lastKnownFileType = sourcecode.c.h; path = SDWebImageManager.h; sourceTree = "<group>"; };
		61E41B8B1CEF7F6A0058490F /* SDWebImageManager.m */ = {isa = PBXFileReference; fileEncoding = 4; lastKnownFileType = sourcecode.c.objc; path = SDWebImageManager.m; sourceTree = "<group>"; };
		61E41B8C1CEF7F6A0058490F /* SDWebImageOperation.h */ = {isa = PBXFileReference; fileEncoding = 4; lastKnownFileType = sourcecode.c.h; path = SDWebImageOperation.h; sourceTree = "<group>"; };
		61E41B8D1CEF7F6A0058490F /* SDWebImagePrefetcher.h */ = {isa = PBXFileReference; fileEncoding = 4; lastKnownFileType = sourcecode.c.h; path = SDWebImagePrefetcher.h; sourceTree = "<group>"; };
		61E41B8E1CEF7F6A0058490F /* SDWebImagePrefetcher.m */ = {isa = PBXFileReference; fileEncoding = 4; lastKnownFileType = sourcecode.c.objc; path = SDWebImagePrefetcher.m; sourceTree = "<group>"; };
		61E41B8F1CEF7F6A0058490F /* UIButton+WebCache.h */ = {isa = PBXFileReference; fileEncoding = 4; lastKnownFileType = sourcecode.c.h; path = "UIButton+WebCache.h"; sourceTree = "<group>"; };
		61E41B901CEF7F6A0058490F /* UIButton+WebCache.m */ = {isa = PBXFileReference; fileEncoding = 4; lastKnownFileType = sourcecode.c.objc; path = "UIButton+WebCache.m"; sourceTree = "<group>"; };
		61E41B911CEF7F6A0058490F /* UIImage+GIF.h */ = {isa = PBXFileReference; fileEncoding = 4; lastKnownFileType = sourcecode.c.h; path = "UIImage+GIF.h"; sourceTree = "<group>"; };
		61E41B921CEF7F6A0058490F /* UIImage+GIF.m */ = {isa = PBXFileReference; fileEncoding = 4; lastKnownFileType = sourcecode.c.objc; path = "UIImage+GIF.m"; sourceTree = "<group>"; };
		61E41B931CEF7F6A0058490F /* UIImage+MultiFormat.h */ = {isa = PBXFileReference; fileEncoding = 4; lastKnownFileType = sourcecode.c.h; path = "UIImage+MultiFormat.h"; sourceTree = "<group>"; };
		61E41B941CEF7F6A0058490F /* UIImage+MultiFormat.m */ = {isa = PBXFileReference; fileEncoding = 4; lastKnownFileType = sourcecode.c.objc; path = "UIImage+MultiFormat.m"; sourceTree = "<group>"; };
		61E41B951CEF7F6A0058490F /* UIImage+WebP.h */ = {isa = PBXFileReference; fileEncoding = 4; lastKnownFileType = sourcecode.c.h; path = "UIImage+WebP.h"; sourceTree = "<group>"; };
		61E41B961CEF7F6A0058490F /* UIImage+WebP.m */ = {isa = PBXFileReference; fileEncoding = 4; lastKnownFileType = sourcecode.c.objc; path = "UIImage+WebP.m"; sourceTree = "<group>"; };
		61E41B971CEF7F6A0058490F /* UIImageView+HighlightedWebCache.h */ = {isa = PBXFileReference; fileEncoding = 4; lastKnownFileType = sourcecode.c.h; path = "UIImageView+HighlightedWebCache.h"; sourceTree = "<group>"; };
		61E41B981CEF7F6A0058490F /* UIImageView+HighlightedWebCache.m */ = {isa = PBXFileReference; fileEncoding = 4; lastKnownFileType = sourcecode.c.objc; path = "UIImageView+HighlightedWebCache.m"; sourceTree = "<group>"; };
		61E41B991CEF7F6A0058490F /* UIImageView+WebCache.h */ = {isa = PBXFileReference; fileEncoding = 4; lastKnownFileType = sourcecode.c.h; path = "UIImageView+WebCache.h"; sourceTree = "<group>"; };
		61E41B9A1CEF7F6A0058490F /* UIImageView+WebCache.m */ = {isa = PBXFileReference; fileEncoding = 4; lastKnownFileType = sourcecode.c.objc; path = "UIImageView+WebCache.m"; sourceTree = "<group>"; };
		61E41B9B1CEF7F6A0058490F /* UIView+WebCacheOperation.h */ = {isa = PBXFileReference; fileEncoding = 4; lastKnownFileType = sourcecode.c.h; path = "UIView+WebCacheOperation.h"; sourceTree = "<group>"; };
		61E41B9C1CEF7F6A0058490F /* UIView+WebCacheOperation.m */ = {isa = PBXFileReference; fileEncoding = 4; lastKnownFileType = sourcecode.c.objc; path = "UIView+WebCacheOperation.m"; sourceTree = "<group>"; };
/* End PBXFileReference section */

/* Begin PBXFrameworksBuildPhase section */
		613A97591CEB5CB000885E32 /* Frameworks */ = {
			isa = PBXFrameworksBuildPhase;
			buildActionMask = 2147483647;
			files = (
			);
			runOnlyForDeploymentPostprocessing = 0;
		};
/* End PBXFrameworksBuildPhase section */

/* Begin PBXGroup section */
		613A97531CEB5CB000885E32 = {
			isa = PBXGroup;
			children = (
				613A975E1CEB5CB000885E32 /* DiscoveryTest */,
				613A975D1CEB5CB000885E32 /* Products */,
			);
			sourceTree = "<group>";
		};
		613A975D1CEB5CB000885E32 /* Products */ = {
			isa = PBXGroup;
			children = (
				613A975C1CEB5CB000885E32 /* DiscoveryTest.app */,
			);
			name = Products;
			sourceTree = "<group>";
		};
		613A975E1CEB5CB000885E32 /* DiscoveryTest */ = {
			isa = PBXGroup;
			children = (
				61E41B7B1CEF7F6A0058490F /* SDWebImage */,
				613A975F1CEB5CB000885E32 /* AppDelegate.swift */,
				613A97711CEB619500885E32 /* DiscoveryTableViewController.swift */,
				613A97731CEB644B00885E32 /* DiscoveryTableViewCell.swift */,
				613A97751CEB665D00885E32 /* Event.swift */,
				612B82011CECB9D3006F0929 /* Protocols.swift */,
				617C47E21CECD3B5002CC562 /* DiscoveryNetworkManager.swift */,
				613A97631CEB5CB000885E32 /* Main.storyboard */,
				613A97661CEB5CB000885E32 /* Assets.xcassets */,
				613A97681CEB5CB000885E32 /* LaunchScreen.storyboard */,
				613A976B1CEB5CB000885E32 /* Info.plist */,
				6174A19A1CEE5AC9007B7389 /* DiscoveryTest-Bridging-Header.h */,
			);
			path = DiscoveryTest;
			sourceTree = "<group>";
		};
		61E41B7B1CEF7F6A0058490F /* SDWebImage */ = {
			isa = PBXGroup;
			children = (
				61E41B7C1CEF7F6A0058490F /* MKAnnotationView+WebCache.h */,
				61E41B7D1CEF7F6A0058490F /* MKAnnotationView+WebCache.m */,
				61E41B7E1CEF7F6A0058490F /* NSData+ImageContentType.h */,
				61E41B7F1CEF7F6A0058490F /* NSData+ImageContentType.m */,
				61E41B801CEF7F6A0058490F /* SDImageCache.h */,
				61E41B811CEF7F6A0058490F /* SDImageCache.m */,
				61E41B821CEF7F6A0058490F /* SDWebImageCompat.h */,
				61E41B831CEF7F6A0058490F /* SDWebImageCompat.m */,
				61E41B841CEF7F6A0058490F /* SDWebImageDecoder.h */,
				61E41B851CEF7F6A0058490F /* SDWebImageDecoder.m */,
				61E41B861CEF7F6A0058490F /* SDWebImageDownloader.h */,
				61E41B871CEF7F6A0058490F /* SDWebImageDownloader.m */,
				61E41B881CEF7F6A0058490F /* SDWebImageDownloaderOperation.h */,
				61E41B891CEF7F6A0058490F /* SDWebImageDownloaderOperation.m */,
				61E41B8A1CEF7F6A0058490F /* SDWebImageManager.h */,
				61E41B8B1CEF7F6A0058490F /* SDWebImageManager.m */,
				61E41B8C1CEF7F6A0058490F /* SDWebImageOperation.h */,
				61E41B8D1CEF7F6A0058490F /* SDWebImagePrefetcher.h */,
				61E41B8E1CEF7F6A0058490F /* SDWebImagePrefetcher.m */,
				61E41B8F1CEF7F6A0058490F /* UIButton+WebCache.h */,
				61E41B901CEF7F6A0058490F /* UIButton+WebCache.m */,
				61E41B911CEF7F6A0058490F /* UIImage+GIF.h */,
				61E41B921CEF7F6A0058490F /* UIImage+GIF.m */,
				61E41B931CEF7F6A0058490F /* UIImage+MultiFormat.h */,
				61E41B941CEF7F6A0058490F /* UIImage+MultiFormat.m */,
				61E41B951CEF7F6A0058490F /* UIImage+WebP.h */,
				61E41B961CEF7F6A0058490F /* UIImage+WebP.m */,
				61E41B971CEF7F6A0058490F /* UIImageView+HighlightedWebCache.h */,
				61E41B981CEF7F6A0058490F /* UIImageView+HighlightedWebCache.m */,
				61E41B991CEF7F6A0058490F /* UIImageView+WebCache.h */,
				61E41B9A1CEF7F6A0058490F /* UIImageView+WebCache.m */,
				61E41B9B1CEF7F6A0058490F /* UIView+WebCacheOperation.h */,
				61E41B9C1CEF7F6A0058490F /* UIView+WebCacheOperation.m */,
			);
			name = SDWebImage;
			path = ../../SDWebImage/SDWebImage;
			sourceTree = "<group>";
		};
/* End PBXGroup section */

/* Begin PBXNativeTarget section */
		613A975B1CEB5CB000885E32 /* DiscoveryTest */ = {
			isa = PBXNativeTarget;
			buildConfigurationList = 613A976E1CEB5CB000885E32 /* Build configuration list for PBXNativeTarget "DiscoveryTest" */;
			buildPhases = (
				613A97581CEB5CB000885E32 /* Sources */,
				613A97591CEB5CB000885E32 /* Frameworks */,
				613A975A1CEB5CB000885E32 /* Resources */,
			);
			buildRules = (
			);
			dependencies = (
			);
			name = DiscoveryTest;
			productName = DiscoveryTest;
			productReference = 613A975C1CEB5CB000885E32 /* DiscoveryTest.app */;
			productType = "com.apple.product-type.application";
		};
/* End PBXNativeTarget section */

/* Begin PBXProject section */
		613A97541CEB5CB000885E32 /* Project object */ = {
			isa = PBXProject;
			attributes = {
				LastSwiftUpdateCheck = 0730;
				LastUpgradeCheck = 0730;
				ORGANIZATIONNAME = "Jason Chitla";
				TargetAttributes = {
					613A975B1CEB5CB000885E32 = {
						CreatedOnToolsVersion = 7.3.1;
					};
				};
			};
			buildConfigurationList = 613A97571CEB5CB000885E32 /* Build configuration list for PBXProject "DiscoveryTest" */;
			compatibilityVersion = "Xcode 3.2";
			developmentRegion = English;
			hasScannedForEncodings = 0;
			knownRegions = (
				en,
				Base,
			);
			mainGroup = 613A97531CEB5CB000885E32;
			productRefGroup = 613A975D1CEB5CB000885E32 /* Products */;
			projectDirPath = "";
			projectRoot = "";
			targets = (
				613A975B1CEB5CB000885E32 /* DiscoveryTest */,
			);
		};
/* End PBXProject section */

/* Begin PBXResourcesBuildPhase section */
		613A975A1CEB5CB000885E32 /* Resources */ = {
			isa = PBXResourcesBuildPhase;
			buildActionMask = 2147483647;
			files = (
				613A976A1CEB5CB000885E32 /* LaunchScreen.storyboard in Resources */,
				613A97671CEB5CB000885E32 /* Assets.xcassets in Resources */,
				613A97651CEB5CB000885E32 /* Main.storyboard in Resources */,
			);
			runOnlyForDeploymentPostprocessing = 0;
		};
/* End PBXResourcesBuildPhase section */

/* Begin PBXSourcesBuildPhase section */
		613A97581CEB5CB000885E32 /* Sources */ = {
			isa = PBXSourcesBuildPhase;
			buildActionMask = 2147483647;
			files = (
				613A97721CEB619500885E32 /* DiscoveryTableViewController.swift in Sources */,
				61E41BA41CEF7F6A0058490F /* SDWebImageManager.m in Sources */,
				61E41B9F1CEF7F6A0058490F /* SDImageCache.m in Sources */,
				61E41BA31CEF7F6A0058490F /* SDWebImageDownloaderOperation.m in Sources */,
				61E41BAC1CEF7F6A0058490F /* UIView+WebCacheOperation.m in Sources */,
				617C47E31CECD3B5002CC562 /* DiscoveryNetworkManager.swift in Sources */,
				61E41BA61CEF7F6A0058490F /* UIButton+WebCache.m in Sources */,
				61E41B9E1CEF7F6A0058490F /* NSData+ImageContentType.m in Sources */,
				61E41BA51CEF7F6A0058490F /* SDWebImagePrefetcher.m in Sources */,
				61E41BA21CEF7F6A0058490F /* SDWebImageDownloader.m in Sources */,
				613A97741CEB644B00885E32 /* DiscoveryTableViewCell.swift in Sources */,
				61E41BA91CEF7F6A0058490F /* UIImage+WebP.m in Sources */,
				61E41BAB1CEF7F6A0058490F /* UIImageView+WebCache.m in Sources */,
				61E41BA11CEF7F6A0058490F /* SDWebImageDecoder.m in Sources */,
				612B82021CECB9D3006F0929 /* Protocols.swift in Sources */,
				61E41B9D1CEF7F6A0058490F /* MKAnnotationView+WebCache.m in Sources */,
				61E41BA01CEF7F6A0058490F /* SDWebImageCompat.m in Sources */,
				613A97601CEB5CB000885E32 /* AppDelegate.swift in Sources */,
				613A97761CEB665D00885E32 /* Event.swift in Sources */,
				61E41BA81CEF7F6A0058490F /* UIImage+MultiFormat.m in Sources */,
				61E41BAA1CEF7F6A0058490F /* UIImageView+HighlightedWebCache.m in Sources */,
				61E41BA71CEF7F6A0058490F /* UIImage+GIF.m in Sources */,
			);
			runOnlyForDeploymentPostprocessing = 0;
		};
/* End PBXSourcesBuildPhase section */

/* Begin PBXVariantGroup section */
		613A97631CEB5CB000885E32 /* Main.storyboard */ = {
			isa = PBXVariantGroup;
			children = (
				613A97641CEB5CB000885E32 /* Base */,
			);
			name = Main.storyboard;
			sourceTree = "<group>";
		};
		613A97681CEB5CB000885E32 /* LaunchScreen.storyboard */ = {
			isa = PBXVariantGroup;
			children = (
				613A97691CEB5CB000885E32 /* Base */,
			);
			name = LaunchScreen.storyboard;
			sourceTree = "<group>";
		};
/* End PBXVariantGroup section */

/* Begin XCBuildConfiguration section */
		613A976C1CEB5CB000885E32 /* Debug */ = {
			isa = XCBuildConfiguration;
			buildSettings = {
				ALWAYS_SEARCH_USER_PATHS = NO;
				CLANG_ANALYZER_NONNULL = YES;
				CLANG_CXX_LANGUAGE_STANDARD = "gnu++0x";
				CLANG_CXX_LIBRARY = "libc++";
				CLANG_ENABLE_MODULES = YES;
				CLANG_ENABLE_OBJC_ARC = YES;
				CLANG_WARN_BOOL_CONVERSION = YES;
				CLANG_WARN_CONSTANT_CONVERSION = YES;
				CLANG_WARN_DIRECT_OBJC_ISA_USAGE = YES_ERROR;
				CLANG_WARN_EMPTY_BODY = YES;
				CLANG_WARN_ENUM_CONVERSION = YES;
				CLANG_WARN_INT_CONVERSION = YES;
				CLANG_WARN_OBJC_ROOT_CLASS = YES_ERROR;
				CLANG_WARN_UNREACHABLE_CODE = YES;
				CLANG_WARN__DUPLICATE_METHOD_MATCH = YES;
				"CODE_SIGN_IDENTITY[sdk=iphoneos*]" = "iPhone Developer";
				COPY_PHASE_STRIP = NO;
				DEBUG_INFORMATION_FORMAT = dwarf;
				ENABLE_STRICT_OBJC_MSGSEND = YES;
				ENABLE_TESTABILITY = YES;
				GCC_C_LANGUAGE_STANDARD = gnu99;
				GCC_DYNAMIC_NO_PIC = NO;
				GCC_NO_COMMON_BLOCKS = YES;
				GCC_OPTIMIZATION_LEVEL = 0;
				GCC_PREPROCESSOR_DEFINITIONS = (
					"DEBUG=1",
					"$(inherited)",
				);
				GCC_WARN_64_TO_32_BIT_CONVERSION = YES;
				GCC_WARN_ABOUT_RETURN_TYPE = YES_ERROR;
				GCC_WARN_UNDECLARED_SELECTOR = YES;
				GCC_WARN_UNINITIALIZED_AUTOS = YES_AGGRESSIVE;
				GCC_WARN_UNUSED_FUNCTION = YES;
				GCC_WARN_UNUSED_VARIABLE = YES;
				IPHONEOS_DEPLOYMENT_TARGET = 9.3;
				MTL_ENABLE_DEBUG_INFO = YES;
				ONLY_ACTIVE_ARCH = YES;
				SDKROOT = iphoneos;
				SWIFT_OPTIMIZATION_LEVEL = "-Onone";
			};
			name = Debug;
		};
		613A976D1CEB5CB000885E32 /* Release */ = {
			isa = XCBuildConfiguration;
			buildSettings = {
				ALWAYS_SEARCH_USER_PATHS = NO;
				CLANG_ANALYZER_NONNULL = YES;
				CLANG_CXX_LANGUAGE_STANDARD = "gnu++0x";
				CLANG_CXX_LIBRARY = "libc++";
				CLANG_ENABLE_MODULES = YES;
				CLANG_ENABLE_OBJC_ARC = YES;
				CLANG_WARN_BOOL_CONVERSION = YES;
				CLANG_WARN_CONSTANT_CONVERSION = YES;
				CLANG_WARN_DIRECT_OBJC_ISA_USAGE = YES_ERROR;
				CLANG_WARN_EMPTY_BODY = YES;
				CLANG_WARN_ENUM_CONVERSION = YES;
				CLANG_WARN_INT_CONVERSION = YES;
				CLANG_WARN_OBJC_ROOT_CLASS = YES_ERROR;
				CLANG_WARN_UNREACHABLE_CODE = YES;
				CLANG_WARN__DUPLICATE_METHOD_MATCH = YES;
				"CODE_SIGN_IDENTITY[sdk=iphoneos*]" = "iPhone Developer";
				COPY_PHASE_STRIP = NO;
				DEBUG_INFORMATION_FORMAT = "dwarf-with-dsym";
				ENABLE_NS_ASSERTIONS = NO;
				ENABLE_STRICT_OBJC_MSGSEND = YES;
				GCC_C_LANGUAGE_STANDARD = gnu99;
				GCC_NO_COMMON_BLOCKS = YES;
				GCC_WARN_64_TO_32_BIT_CONVERSION = YES;
				GCC_WARN_ABOUT_RETURN_TYPE = YES_ERROR;
				GCC_WARN_UNDECLARED_SELECTOR = YES;
				GCC_WARN_UNINITIALIZED_AUTOS = YES_AGGRESSIVE;
				GCC_WARN_UNUSED_FUNCTION = YES;
				GCC_WARN_UNUSED_VARIABLE = YES;
				IPHONEOS_DEPLOYMENT_TARGET = 9.3;
				MTL_ENABLE_DEBUG_INFO = NO;
				SDKROOT = iphoneos;
				VALIDATE_PRODUCT = YES;
			};
			name = Release;
		};
		613A976F1CEB5CB000885E32 /* Debug */ = {
			isa = XCBuildConfiguration;
			buildSettings = {
				ASSETCATALOG_COMPILER_APPICON_NAME = AppIcon;
				INFOPLIST_FILE = DiscoveryTest/Info.plist;
				LD_RUNPATH_SEARCH_PATHS = "$(inherited) @executable_path/Frameworks";
				PRODUCT_BUNDLE_IDENTIFIER = com.ticketmaster.DiscoveryTest;
				PRODUCT_NAME = "$(TARGET_NAME)";
				SWIFT_OBJC_BRIDGING_HEADER = "DiscoveryTest/DiscoveryTest-Bridging-Header.h";
			};
			name = Debug;
		};
		613A97701CEB5CB000885E32 /* Release */ = {
			isa = XCBuildConfiguration;
			buildSettings = {
				ASSETCATALOG_COMPILER_APPICON_NAME = AppIcon;
				INFOPLIST_FILE = DiscoveryTest/Info.plist;
				LD_RUNPATH_SEARCH_PATHS = "$(inherited) @executable_path/Frameworks";
				PRODUCT_BUNDLE_IDENTIFIER = com.ticketmaster.DiscoveryTest;
				PRODUCT_NAME = "$(TARGET_NAME)";
				SWIFT_OBJC_BRIDGING_HEADER = "DiscoveryTest/DiscoveryTest-Bridging-Header.h";
			};
			name = Release;
		};
/* End XCBuildConfiguration section */

/* Begin XCConfigurationList section */
		613A97571CEB5CB000885E32 /* Build configuration list for PBXProject "DiscoveryTest" */ = {
			isa = XCConfigurationList;
			buildConfigurations = (
				613A976C1CEB5CB000885E32 /* Debug */,
				613A976D1CEB5CB000885E32 /* Release */,
			);
			defaultConfigurationIsVisible = 0;
			defaultConfigurationName = Release;
		};
		613A976E1CEB5CB000885E32 /* Build configuration list for PBXNativeTarget "DiscoveryTest" */ = {
			isa = XCConfigurationList;
			buildConfigurations = (
				613A976F1CEB5CB000885E32 /* Debug */,
				613A97701CEB5CB000885E32 /* Release */,
			);
			defaultConfigurationIsVisible = 0;
			defaultConfigurationName = Release;
		};
/* End XCConfigurationList section */
	};
	rootObject = 613A97541CEB5CB000885E32 /* Project object */;
}
